
Microsoft Visual Studio Solution File, Format Version 12.00
# Visual Studio Version 17
VisualStudioVersion = 17.1.32421.90
MinimumVisualStudioVersion = 10.0.40219.1
Project("{FAE04EC0-301F-11D3-BF4B-00C04F79EFBC}") = "roasted.reviews", "roasted.reviews\roasted.reviews.csproj", "{ADE58217-4A0E-4CFE-9D72-42C96CBA330C}"
EndProject
Global
	GlobalSection(SolutionConfigurationPlatforms) = preSolution
		Debug|Any CPU = Debug|Any CPU
		Release|Any CPU = Release|Any CPU
	EndGlobalSection
	GlobalSection(ProjectConfigurationPlatforms) = postSolution
		{ADE58217-4A0E-4CFE-9D72-42C96CBA330C}.Debug|Any CPU.ActiveCfg = Debug|Any CPU
		{ADE58217-4A0E-4CFE-9D72-42C96CBA330C}.Debug|Any CPU.Build.0 = Debug|Any CPU
		{ADE58217-4A0E-4CFE-9D72-42C96CBA330C}.Release|Any CPU.ActiveCfg = Release|Any CPU
		{ADE58217-4A0E-4CFE-9D72-42C96CBA330C}.Release|Any CPU.Build.0 = Release|Any CPU
	EndGlobalSection
	GlobalSection(SolutionProperties) = preSolution
		HideSolutionNode = FALSE
	EndGlobalSection
	GlobalSection(ExtensibilityGlobals) = postSolution
		SolutionGuid = {337224E9-52E0-4FFB-B34E-88816F19F3D8}
	EndGlobalSection
EndGlobal
